
Microsoft Visual Studio Solution File, Format Version 12.00
# Visual Studio Version 16
VisualStudioVersion = 16.0.30517.126
MinimumVisualStudioVersion = 10.0.40219.1
Project("{9A19103F-16F7-4668-BE54-9A1E7A4F7556}") = "ChartGenerator-Chart.js", "ChartGeneratorChartJs\ChartGenerator-Chart.js.csproj", "{8095E28B-DD4F-4463-AD61-303BE07983EA}"
EndProject
Global
	GlobalSection(SolutionConfigurationPlatforms) = preSolution
		Debug|Any CPU = Debug|Any CPU
		Release|Any CPU = Release|Any CPU
	EndGlobalSection
	GlobalSection(ProjectConfigurationPlatforms) = postSolution
		{8095E28B-DD4F-4463-AD61-303BE07983EA}.Debug|Any CPU.ActiveCfg = Debug|Any CPU
		{8095E28B-DD4F-4463-AD61-303BE07983EA}.Debug|Any CPU.Build.0 = Debug|Any CPU
		{8095E28B-DD4F-4463-AD61-303BE07983EA}.Release|Any CPU.ActiveCfg = Release|Any CPU
		{8095E28B-DD4F-4463-AD61-303BE07983EA}.Release|Any CPU.Build.0 = Release|Any CPU
	EndGlobalSection
	GlobalSection(SolutionProperties) = preSolution
		HideSolutionNode = FALSE
	EndGlobalSection
	GlobalSection(ExtensibilityGlobals) = postSolution
		SolutionGuid = {DA31D096-32D4-4942-890B-2978A2D146B8}
	EndGlobalSection
EndGlobal
