
Microsoft Visual Studio Solution File, Format Version 12.00
# Visual Studio Version 16
VisualStudioVersion = 16.0.30517.126
MinimumVisualStudioVersion = 10.0.40219.1
Project("{9A19103F-16F7-4668-BE54-9A1E7A4F7556}") = "ChartGenerator-Chart.js-Standard", "ChartGeneratorChartJs-Standard\ChartGenerator-Chart.js-Standard.csproj", "{6F8B7517-6F02-4CF7-9B10-4DCCA17AC063}"
EndProject
Project("{FAE04EC0-301F-11D3-BF4B-00C04F79EFBC}") = "ChartGenerator-ChartJs-Test", "ChartGenerator-ChartJs-Test\ChartGenerator-ChartJs-Test.csproj", "{288B6033-E38F-4107-AD83-838D4633BECD}"
EndProject
Global
	GlobalSection(SolutionConfigurationPlatforms) = preSolution
		Debug|Any CPU = Debug|Any CPU
		Release|Any CPU = Release|Any CPU
	EndGlobalSection
	GlobalSection(ProjectConfigurationPlatforms) = postSolution
		{6F8B7517-6F02-4CF7-9B10-4DCCA17AC063}.Debug|Any CPU.ActiveCfg = Debug|Any CPU
		{6F8B7517-6F02-4CF7-9B10-4DCCA17AC063}.Debug|Any CPU.Build.0 = Debug|Any CPU
		{6F8B7517-6F02-4CF7-9B10-4DCCA17AC063}.Release|Any CPU.ActiveCfg = Release|Any CPU
		{6F8B7517-6F02-4CF7-9B10-4DCCA17AC063}.Release|Any CPU.Build.0 = Release|Any CPU
		{288B6033-E38F-4107-AD83-838D4633BECD}.Debug|Any CPU.ActiveCfg = Debug|Any CPU
		{288B6033-E38F-4107-AD83-838D4633BECD}.Debug|Any CPU.Build.0 = Debug|Any CPU
		{288B6033-E38F-4107-AD83-838D4633BECD}.Release|Any CPU.ActiveCfg = Release|Any CPU
		{288B6033-E38F-4107-AD83-838D4633BECD}.Release|Any CPU.Build.0 = Release|Any CPU
	EndGlobalSection
	GlobalSection(SolutionProperties) = preSolution
		HideSolutionNode = FALSE
	EndGlobalSection
	GlobalSection(ExtensibilityGlobals) = postSolution
		SolutionGuid = {C780378B-0F17-4B83-8A2B-3C2FFA40E928}
	EndGlobalSection
EndGlobal
